
Microsoft Visual Studio Solution File, Format Version 12.00
# Visual Studio Version 17
VisualStudioVersion = 17.10.35004.147
MinimumVisualStudioVersion = 10.0.40219.1
Project("{2150E333-8FDC-42A3-9474-1A3956D46DE8}") = "Services", "Services", "{13D8B6CC-8809-4A3E-889B-FDFAF196C489}"
EndProject
Project("{2150E333-8FDC-42A3-9474-1A3956D46DE8}") = "Catalog", "Catalog", "{C3F658E8-1C5E-467B-977F-ABC405F74873}"
EndProject
Project("{9A19103F-16F7-4668-BE54-9A1E7A4F7556}") = "MultiShop.Catalog", "Services\Catalog\MultiShop.Catalog\MultiShop.Catalog.csproj", "{14140873-EE14-41D1-B0D8-55D74CFCC869}"
EndProject
Project("{2150E333-8FDC-42A3-9474-1A3956D46DE8}") = "Discount", "Discount", "{C8A32062-597A-4213-AAD3-96A3B68921F9}"
EndProject
Project("{9A19103F-16F7-4668-BE54-9A1E7A4F7556}") = "MultiShop.Discount", "Services\Discount\MultiShop.Discount\MultiShop.Discount.csproj", "{05B5739F-EEBD-41E8-AB02-037825EC980B}"
EndProject
Project("{2150E333-8FDC-42A3-9474-1A3956D46DE8}") = "Order", "Order", "{4DF83092-81D6-449A-9E57-F4594468E631}"
EndProject
Project("{2150E333-8FDC-42A3-9474-1A3956D46DE8}") = "Core", "Core", "{0F5A183B-F71B-4EC3-A7F4-D70A740FBEB8}"
EndProject
Project("{2150E333-8FDC-42A3-9474-1A3956D46DE8}") = "Infrastructure", "Infrastructure", "{051DF329-EB45-4BDB-B604-CA2886E2D74C}"
EndProject
Project("{2150E333-8FDC-42A3-9474-1A3956D46DE8}") = "Presentation", "Presentation", "{FEF292D9-1766-4E12-9790-FDCE9AF9CF87}"
EndProject
Project("{9A19103F-16F7-4668-BE54-9A1E7A4F7556}") = "MultiShop.Order.Domain", "Services\Order\Core\MultiShop.Order.Domain\MultiShop.Order.Domain.csproj", "{5ABA6915-82F9-4A5C-B15C-006E8F1E6CB1}"
EndProject
Project("{9A19103F-16F7-4668-BE54-9A1E7A4F7556}") = "MultiShop.Order.Application", "Services\Order\Core\MultiShop.Order.Application\MultiShop.Order.Application.csproj", "{748E2857-B1B7-429E-8AA4-40F19457F904}"
EndProject
Project("{9A19103F-16F7-4668-BE54-9A1E7A4F7556}") = "MultiShop.Order.Persistence", "Services\Order\Infrastructure\MultiShop.Order.Persistence\MultiShop.Order.Persistence.csproj", "{B595B495-9C41-4A4C-9231-4E1EC04E7A41}"
EndProject
Project("{9A19103F-16F7-4668-BE54-9A1E7A4F7556}") = "MultiShop.Order.WebApi", "Services\Order\Presentation\MultiShop.Order.WebApi\MultiShop.Order.WebApi.csproj", "{74E8F00B-D1F4-47C1-88B4-BE2AB41B6D0E}"
EndProject
Project("{2150E333-8FDC-42A3-9474-1A3956D46DE8}") = "IdentityServer", "IdentityServer", "{C5F2A151-0BF4-42B5-9F13-81E04F56A4DF}"
EndProject
Project("{9A19103F-16F7-4668-BE54-9A1E7A4F7556}") = "MultiShop.IdentityServer", "IdentityServer\MultiShop.IdentityServer\MultiShop.IdentityServer.csproj", "{23AD1AFB-1BEA-4D00-88E5-4B65BFB0E75E}"
EndProject
Project("{2150E333-8FDC-42A3-9474-1A3956D46DE8}") = "Cargo", "Cargo", "{9689E56A-A6BE-4598-B466-F284E5AD966E}"
EndProject
Project("{FAE04EC0-301F-11D3-BF4B-00C04F79EFBC}") = "MultiShop.Cargo.EntityLayer", "Services\Cargo\MultiShop.Cargo.EntityLayer\MultiShop.Cargo.EntityLayer.csproj", "{97D6DAA1-A4A0-4DA6-B03E-48C9163ED41B}"
EndProject
Project("{FAE04EC0-301F-11D3-BF4B-00C04F79EFBC}") = "MultiShop.Cargo.BusinessLayer", "Services\Cargo\MultiShop.Cargo.BusinessLayer\MultiShop.Cargo.BusinessLayer.csproj", "{7E37BC79-8976-49E2-8EE6-DCD146C9AF8B}"
EndProject
Project("{FAE04EC0-301F-11D3-BF4B-00C04F79EFBC}") = "MultiShop.Cargo.DataAccessLayer", "Services\Cargo\MultiShop.Cargo.DataAccessLayer\MultiShop.Cargo.DataAccessLayer.csproj", "{3604562B-2D02-44B3-9407-8FAD6C179432}"
EndProject
Project("{FAE04EC0-301F-11D3-BF4B-00C04F79EFBC}") = "MultiShop.Cargo.DtoLayer", "Services\Cargo\MultiShop.Cargo.DtoLayer\MultiShop.Cargo.DtoLayer.csproj", "{21BB3FC7-3BAC-4386-B86D-E401BFB1016C}"
EndProject
Project("{FAE04EC0-301F-11D3-BF4B-00C04F79EFBC}") = "MultiShop.Cargo.WebApi", "Services\Cargo\MultiShop.Cargo.WebApi\MultiShop.Cargo.WebApi.csproj", "{77F2119E-C453-4500-AB63-FDCB88A3FB6B}"
EndProject
Project("{2150E333-8FDC-42A3-9474-1A3956D46DE8}") = "Basket", "Basket", "{70692D71-0D8D-40F6-9F11-F6DADB1E8010}"
EndProject
Project("{FAE04EC0-301F-11D3-BF4B-00C04F79EFBC}") = "MultiShop.Basket", "Services\Basket\MultiShop.Basket\MultiShop.Basket.csproj", "{D7942095-E42D-4D32-8D17-333A296DBD3E}"
EndProject
Project("{2150E333-8FDC-42A3-9474-1A3956D46DE8}") = "Frontends", "Frontends", "{0224AA2F-345B-4FAF-906E-5FA75486C10A}"
EndProject
Project("{FAE04EC0-301F-11D3-BF4B-00C04F79EFBC}") = "MultiShop.WebUI", "Frontends\MultiShop.WebUI\MultiShop.WebUI.csproj", "{60BBCE2E-284F-4409-843D-DE30931AF2E3}"
EndProject
Global
	GlobalSection(SolutionConfigurationPlatforms) = preSolution
		Debug|Any CPU = Debug|Any CPU
		Release|Any CPU = Release|Any CPU
	EndGlobalSection
	GlobalSection(ProjectConfigurationPlatforms) = postSolution
		{14140873-EE14-41D1-B0D8-55D74CFCC869}.Debug|Any CPU.ActiveCfg = Debug|Any CPU
		{14140873-EE14-41D1-B0D8-55D74CFCC869}.Debug|Any CPU.Build.0 = Debug|Any CPU
		{14140873-EE14-41D1-B0D8-55D74CFCC869}.Release|Any CPU.ActiveCfg = Release|Any CPU
		{14140873-EE14-41D1-B0D8-55D74CFCC869}.Release|Any CPU.Build.0 = Release|Any CPU
		{05B5739F-EEBD-41E8-AB02-037825EC980B}.Debug|Any CPU.ActiveCfg = Debug|Any CPU
		{05B5739F-EEBD-41E8-AB02-037825EC980B}.Debug|Any CPU.Build.0 = Debug|Any CPU
		{05B5739F-EEBD-41E8-AB02-037825EC980B}.Release|Any CPU.ActiveCfg = Release|Any CPU
		{05B5739F-EEBD-41E8-AB02-037825EC980B}.Release|Any CPU.Build.0 = Release|Any CPU
		{5ABA6915-82F9-4A5C-B15C-006E8F1E6CB1}.Debug|Any CPU.ActiveCfg = Debug|Any CPU
		{5ABA6915-82F9-4A5C-B15C-006E8F1E6CB1}.Debug|Any CPU.Build.0 = Debug|Any CPU
		{5ABA6915-82F9-4A5C-B15C-006E8F1E6CB1}.Release|Any CPU.ActiveCfg = Release|Any CPU
		{5ABA6915-82F9-4A5C-B15C-006E8F1E6CB1}.Release|Any CPU.Build.0 = Release|Any CPU
		{748E2857-B1B7-429E-8AA4-40F19457F904}.Debug|Any CPU.ActiveCfg = Debug|Any CPU
		{748E2857-B1B7-429E-8AA4-40F19457F904}.Debug|Any CPU.Build.0 = Debug|Any CPU
		{748E2857-B1B7-429E-8AA4-40F19457F904}.Release|Any CPU.ActiveCfg = Release|Any CPU
		{748E2857-B1B7-429E-8AA4-40F19457F904}.Release|Any CPU.Build.0 = Release|Any CPU
		{B595B495-9C41-4A4C-9231-4E1EC04E7A41}.Debug|Any CPU.ActiveCfg = Debug|Any CPU
		{B595B495-9C41-4A4C-9231-4E1EC04E7A41}.Debug|Any CPU.Build.0 = Debug|Any CPU
		{B595B495-9C41-4A4C-9231-4E1EC04E7A41}.Release|Any CPU.ActiveCfg = Release|Any CPU
		{B595B495-9C41-4A4C-9231-4E1EC04E7A41}.Release|Any CPU.Build.0 = Release|Any CPU
		{74E8F00B-D1F4-47C1-88B4-BE2AB41B6D0E}.Debug|Any CPU.ActiveCfg = Debug|Any CPU
		{74E8F00B-D1F4-47C1-88B4-BE2AB41B6D0E}.Debug|Any CPU.Build.0 = Debug|Any CPU
		{74E8F00B-D1F4-47C1-88B4-BE2AB41B6D0E}.Release|Any CPU.ActiveCfg = Release|Any CPU
		{74E8F00B-D1F4-47C1-88B4-BE2AB41B6D0E}.Release|Any CPU.Build.0 = Release|Any CPU
		{23AD1AFB-1BEA-4D00-88E5-4B65BFB0E75E}.Debug|Any CPU.ActiveCfg = Debug|Any CPU
		{23AD1AFB-1BEA-4D00-88E5-4B65BFB0E75E}.Debug|Any CPU.Build.0 = Debug|Any CPU
		{23AD1AFB-1BEA-4D00-88E5-4B65BFB0E75E}.Release|Any CPU.ActiveCfg = Release|Any CPU
		{23AD1AFB-1BEA-4D00-88E5-4B65BFB0E75E}.Release|Any CPU.Build.0 = Release|Any CPU
		{97D6DAA1-A4A0-4DA6-B03E-48C9163ED41B}.Debug|Any CPU.ActiveCfg = Debug|Any CPU
		{97D6DAA1-A4A0-4DA6-B03E-48C9163ED41B}.Debug|Any CPU.Build.0 = Debug|Any CPU
		{97D6DAA1-A4A0-4DA6-B03E-48C9163ED41B}.Release|Any CPU.ActiveCfg = Release|Any CPU
		{97D6DAA1-A4A0-4DA6-B03E-48C9163ED41B}.Release|Any CPU.Build.0 = Release|Any CPU
		{7E37BC79-8976-49E2-8EE6-DCD146C9AF8B}.Debug|Any CPU.ActiveCfg = Debug|Any CPU
		{7E37BC79-8976-49E2-8EE6-DCD146C9AF8B}.Debug|Any CPU.Build.0 = Debug|Any CPU
		{7E37BC79-8976-49E2-8EE6-DCD146C9AF8B}.Release|Any CPU.ActiveCfg = Release|Any CPU
		{7E37BC79-8976-49E2-8EE6-DCD146C9AF8B}.Release|Any CPU.Build.0 = Release|Any CPU
		{3604562B-2D02-44B3-9407-8FAD6C179432}.Debug|Any CPU.ActiveCfg = Debug|Any CPU
		{3604562B-2D02-44B3-9407-8FAD6C179432}.Debug|Any CPU.Build.0 = Debug|Any CPU
		{3604562B-2D02-44B3-9407-8FAD6C179432}.Release|Any CPU.ActiveCfg = Release|Any CPU
		{3604562B-2D02-44B3-9407-8FAD6C179432}.Release|Any CPU.Build.0 = Release|Any CPU
		{21BB3FC7-3BAC-4386-B86D-E401BFB1016C}.Debug|Any CPU.ActiveCfg = Debug|Any CPU
		{21BB3FC7-3BAC-4386-B86D-E401BFB1016C}.Debug|Any CPU.Build.0 = Debug|Any CPU
		{21BB3FC7-3BAC-4386-B86D-E401BFB1016C}.Release|Any CPU.ActiveCfg = Release|Any CPU
		{21BB3FC7-3BAC-4386-B86D-E401BFB1016C}.Release|Any CPU.Build.0 = Release|Any CPU
		{77F2119E-C453-4500-AB63-FDCB88A3FB6B}.Debug|Any CPU.ActiveCfg = Debug|Any CPU
		{77F2119E-C453-4500-AB63-FDCB88A3FB6B}.Debug|Any CPU.Build.0 = Debug|Any CPU
		{77F2119E-C453-4500-AB63-FDCB88A3FB6B}.Release|Any CPU.ActiveCfg = Release|Any CPU
		{77F2119E-C453-4500-AB63-FDCB88A3FB6B}.Release|Any CPU.Build.0 = Release|Any CPU
		{D7942095-E42D-4D32-8D17-333A296DBD3E}.Debug|Any CPU.ActiveCfg = Debug|Any CPU
		{D7942095-E42D-4D32-8D17-333A296DBD3E}.Debug|Any CPU.Build.0 = Debug|Any CPU
		{D7942095-E42D-4D32-8D17-333A296DBD3E}.Release|Any CPU.ActiveCfg = Release|Any CPU
		{D7942095-E42D-4D32-8D17-333A296DBD3E}.Release|Any CPU.Build.0 = Release|Any CPU
		{60BBCE2E-284F-4409-843D-DE30931AF2E3}.Debug|Any CPU.ActiveCfg = Debug|Any CPU
		{60BBCE2E-284F-4409-843D-DE30931AF2E3}.Debug|Any CPU.Build.0 = Debug|Any CPU
		{60BBCE2E-284F-4409-843D-DE30931AF2E3}.Release|Any CPU.ActiveCfg = Release|Any CPU
		{60BBCE2E-284F-4409-843D-DE30931AF2E3}.Release|Any CPU.Build.0 = Release|Any CPU
	EndGlobalSection
	GlobalSection(SolutionProperties) = preSolution
		HideSolutionNode = FALSE
	EndGlobalSection
	GlobalSection(NestedProjects) = preSolution
		{C3F658E8-1C5E-467B-977F-ABC405F74873} = {13D8B6CC-8809-4A3E-889B-FDFAF196C489}
		{14140873-EE14-41D1-B0D8-55D74CFCC869} = {C3F658E8-1C5E-467B-977F-ABC405F74873}
		{C8A32062-597A-4213-AAD3-96A3B68921F9} = {13D8B6CC-8809-4A3E-889B-FDFAF196C489}
		{05B5739F-EEBD-41E8-AB02-037825EC980B} = {C8A32062-597A-4213-AAD3-96A3B68921F9}
		{4DF83092-81D6-449A-9E57-F4594468E631} = {13D8B6CC-8809-4A3E-889B-FDFAF196C489}
		{0F5A183B-F71B-4EC3-A7F4-D70A740FBEB8} = {4DF83092-81D6-449A-9E57-F4594468E631}
		{051DF329-EB45-4BDB-B604-CA2886E2D74C} = {4DF83092-81D6-449A-9E57-F4594468E631}
		{FEF292D9-1766-4E12-9790-FDCE9AF9CF87} = {4DF83092-81D6-449A-9E57-F4594468E631}
		{5ABA6915-82F9-4A5C-B15C-006E8F1E6CB1} = {0F5A183B-F71B-4EC3-A7F4-D70A740FBEB8}
		{748E2857-B1B7-429E-8AA4-40F19457F904} = {0F5A183B-F71B-4EC3-A7F4-D70A740FBEB8}
		{B595B495-9C41-4A4C-9231-4E1EC04E7A41} = {051DF329-EB45-4BDB-B604-CA2886E2D74C}
		{74E8F00B-D1F4-47C1-88B4-BE2AB41B6D0E} = {FEF292D9-1766-4E12-9790-FDCE9AF9CF87}
		{23AD1AFB-1BEA-4D00-88E5-4B65BFB0E75E} = {C5F2A151-0BF4-42B5-9F13-81E04F56A4DF}
		{9689E56A-A6BE-4598-B466-F284E5AD966E} = {13D8B6CC-8809-4A3E-889B-FDFAF196C489}
		{97D6DAA1-A4A0-4DA6-B03E-48C9163ED41B} = {9689E56A-A6BE-4598-B466-F284E5AD966E}
		{7E37BC79-8976-49E2-8EE6-DCD146C9AF8B} = {9689E56A-A6BE-4598-B466-F284E5AD966E}
		{3604562B-2D02-44B3-9407-8FAD6C179432} = {9689E56A-A6BE-4598-B466-F284E5AD966E}
		{21BB3FC7-3BAC-4386-B86D-E401BFB1016C} = {9689E56A-A6BE-4598-B466-F284E5AD966E}
		{77F2119E-C453-4500-AB63-FDCB88A3FB6B} = {9689E56A-A6BE-4598-B466-F284E5AD966E}
		{70692D71-0D8D-40F6-9F11-F6DADB1E8010} = {13D8B6CC-8809-4A3E-889B-FDFAF196C489}
		{D7942095-E42D-4D32-8D17-333A296DBD3E} = {70692D71-0D8D-40F6-9F11-F6DADB1E8010}
		{60BBCE2E-284F-4409-843D-DE30931AF2E3} = {0224AA2F-345B-4FAF-906E-5FA75486C10A}
	EndGlobalSection
	GlobalSection(ExtensibilityGlobals) = postSolution
		SolutionGuid = {159F64ED-86FC-441B-82F6-FDEF76984991}
	EndGlobalSection
EndGlobal
