
Microsoft Visual Studio Solution File, Format Version 12.00
# Visual Studio Version 17
VisualStudioVersion = 17.10.35004.147
MinimumVisualStudioVersion = 10.0.40219.1
Project("{2150E333-8FDC-42A3-9474-1A3956D46DE8}") = "Services", "Services", "{13D8B6CC-8809-4A3E-889B-FDFAF196C489}"
EndProject
Project("{2150E333-8FDC-42A3-9474-1A3956D46DE8}") = "Catalog", "Catalog", "{C3F658E8-1C5E-467B-977F-ABC405F74873}"
EndProject
Project("{9A19103F-16F7-4668-BE54-9A1E7A4F7556}") = "MultiShop.Catalog", "Services\Catalog\MultiShop.Catalog\MultiShop.Catalog.csproj", "{14140873-EE14-41D1-B0D8-55D74CFCC869}"
EndProject
Project("{2150E333-8FDC-42A3-9474-1A3956D46DE8}") = "Discount", "Discount", "{C8A32062-597A-4213-AAD3-96A3B68921F9}"
EndProject
Project("{9A19103F-16F7-4668-BE54-9A1E7A4F7556}") = "MultiShop.Discount", "Services\Discount\MultiShop.Discount\MultiShop.Discount.csproj", "{05B5739F-EEBD-41E8-AB02-037825EC980B}"
EndProject
Project("{2150E333-8FDC-42A3-9474-1A3956D46DE8}") = "Order", "Order", "{4DF83092-81D6-449A-9E57-F4594468E631}"
EndProject
Project("{2150E333-8FDC-42A3-9474-1A3956D46DE8}") = "Core", "Core", "{0F5A183B-F71B-4EC3-A7F4-D70A740FBEB8}"
EndProject
Project("{2150E333-8FDC-42A3-9474-1A3956D46DE8}") = "Infrastructure", "Infrastructure", "{051DF329-EB45-4BDB-B604-CA2886E2D74C}"
EndProject
Project("{2150E333-8FDC-42A3-9474-1A3956D46DE8}") = "Presentation", "Presentation", "{FEF292D9-1766-4E12-9790-FDCE9AF9CF87}"
EndProject
Project("{9A19103F-16F7-4668-BE54-9A1E7A4F7556}") = "MultiShop.Order.Domain", "Services\Order\Core\MultiShop.Order.Domain\MultiShop.Order.Domain.csproj", "{5ABA6915-82F9-4A5C-B15C-006E8F1E6CB1}"
EndProject
Project("{9A19103F-16F7-4668-BE54-9A1E7A4F7556}") = "MultiShop.Order.Application", "Services\Order\Core\MultiShop.Order.Application\MultiShop.Order.Application.csproj", "{748E2857-B1B7-429E-8AA4-40F19457F904}"
EndProject
Project("{9A19103F-16F7-4668-BE54-9A1E7A4F7556}") = "MultiShop.Order.Persistence", "Services\Order\Infrastructure\MultiShop.Order.Persistence\MultiShop.Order.Persistence.csproj", "{B595B495-9C41-4A4C-9231-4E1EC04E7A41}"
EndProject
Project("{9A19103F-16F7-4668-BE54-9A1E7A4F7556}") = "MultiShop.Order.WebApi", "Services\Order\Presentation\MultiShop.Order.WebApi\MultiShop.Order.WebApi.csproj", "{74E8F00B-D1F4-47C1-88B4-BE2AB41B6D0E}"
EndProject
Project("{2150E333-8FDC-42A3-9474-1A3956D46DE8}") = "IdentityServer", "IdentityServer", "{C5F2A151-0BF4-42B5-9F13-81E04F56A4DF}"
EndProject
Project("{9A19103F-16F7-4668-BE54-9A1E7A4F7556}") = "MultiShop.IdentityServer", "IdentityServer\MultiShop.IdentityServer\MultiShop.IdentityServer.csproj", "{23AD1AFB-1BEA-4D00-88E5-4B65BFB0E75E}"
EndProject
Global
	GlobalSection(SolutionConfigurationPlatforms) = preSolution
		Debug|Any CPU = Debug|Any CPU
		Release|Any CPU = Release|Any CPU
	EndGlobalSection
	GlobalSection(ProjectConfigurationPlatforms) = postSolution
		{14140873-EE14-41D1-B0D8-55D74CFCC869}.Debug|Any CPU.ActiveCfg = Debug|Any CPU
		{14140873-EE14-41D1-B0D8-55D74CFCC869}.Debug|Any CPU.Build.0 = Debug|Any CPU
		{14140873-EE14-41D1-B0D8-55D74CFCC869}.Release|Any CPU.ActiveCfg = Release|Any CPU
		{14140873-EE14-41D1-B0D8-55D74CFCC869}.Release|Any CPU.Build.0 = Release|Any CPU
		{05B5739F-EEBD-41E8-AB02-037825EC980B}.Debug|Any CPU.ActiveCfg = Debug|Any CPU
		{05B5739F-EEBD-41E8-AB02-037825EC980B}.Debug|Any CPU.Build.0 = Debug|Any CPU
		{05B5739F-EEBD-41E8-AB02-037825EC980B}.Release|Any CPU.ActiveCfg = Release|Any CPU
		{05B5739F-EEBD-41E8-AB02-037825EC980B}.Release|Any CPU.Build.0 = Release|Any CPU
		{5ABA6915-82F9-4A5C-B15C-006E8F1E6CB1}.Debug|Any CPU.ActiveCfg = Debug|Any CPU
		{5ABA6915-82F9-4A5C-B15C-006E8F1E6CB1}.Debug|Any CPU.Build.0 = Debug|Any CPU
		{5ABA6915-82F9-4A5C-B15C-006E8F1E6CB1}.Release|Any CPU.ActiveCfg = Release|Any CPU
		{5ABA6915-82F9-4A5C-B15C-006E8F1E6CB1}.Release|Any CPU.Build.0 = Release|Any CPU
		{748E2857-B1B7-429E-8AA4-40F19457F904}.Debug|Any CPU.ActiveCfg = Debug|Any CPU
		{748E2857-B1B7-429E-8AA4-40F19457F904}.Debug|Any CPU.Build.0 = Debug|Any CPU
		{748E2857-B1B7-429E-8AA4-40F19457F904}.Release|Any CPU.ActiveCfg = Release|Any CPU
		{748E2857-B1B7-429E-8AA4-40F19457F904}.Release|Any CPU.Build.0 = Release|Any CPU
		{B595B495-9C41-4A4C-9231-4E1EC04E7A41}.Debug|Any CPU.ActiveCfg = Debug|Any CPU
		{B595B495-9C41-4A4C-9231-4E1EC04E7A41}.Debug|Any CPU.Build.0 = Debug|Any CPU
		{B595B495-9C41-4A4C-9231-4E1EC04E7A41}.Release|Any CPU.ActiveCfg = Release|Any CPU
		{B595B495-9C41-4A4C-9231-4E1EC04E7A41}.Release|Any CPU.Build.0 = Release|Any CPU
		{74E8F00B-D1F4-47C1-88B4-BE2AB41B6D0E}.Debug|Any CPU.ActiveCfg = Debug|Any CPU
		{74E8F00B-D1F4-47C1-88B4-BE2AB41B6D0E}.Debug|Any CPU.Build.0 = Debug|Any CPU
		{74E8F00B-D1F4-47C1-88B4-BE2AB41B6D0E}.Release|Any CPU.ActiveCfg = Release|Any CPU
		{74E8F00B-D1F4-47C1-88B4-BE2AB41B6D0E}.Release|Any CPU.Build.0 = Release|Any CPU
		{23AD1AFB-1BEA-4D00-88E5-4B65BFB0E75E}.Debug|Any CPU.ActiveCfg = Debug|Any CPU
		{23AD1AFB-1BEA-4D00-88E5-4B65BFB0E75E}.Debug|Any CPU.Build.0 = Debug|Any CPU
		{23AD1AFB-1BEA-4D00-88E5-4B65BFB0E75E}.Release|Any CPU.ActiveCfg = Release|Any CPU
		{23AD1AFB-1BEA-4D00-88E5-4B65BFB0E75E}.Release|Any CPU.Build.0 = Release|Any CPU
	EndGlobalSection
	GlobalSection(SolutionProperties) = preSolution
		HideSolutionNode = FALSE
	EndGlobalSection
	GlobalSection(NestedProjects) = preSolution
		{C3F658E8-1C5E-467B-977F-ABC405F74873} = {13D8B6CC-8809-4A3E-889B-FDFAF196C489}
		{14140873-EE14-41D1-B0D8-55D74CFCC869} = {C3F658E8-1C5E-467B-977F-ABC405F74873}
		{C8A32062-597A-4213-AAD3-96A3B68921F9} = {13D8B6CC-8809-4A3E-889B-FDFAF196C489}
		{05B5739F-EEBD-41E8-AB02-037825EC980B} = {C8A32062-597A-4213-AAD3-96A3B68921F9}
		{4DF83092-81D6-449A-9E57-F4594468E631} = {13D8B6CC-8809-4A3E-889B-FDFAF196C489}
		{0F5A183B-F71B-4EC3-A7F4-D70A740FBEB8} = {4DF83092-81D6-449A-9E57-F4594468E631}
		{051DF329-EB45-4BDB-B604-CA2886E2D74C} = {4DF83092-81D6-449A-9E57-F4594468E631}
		{FEF292D9-1766-4E12-9790-FDCE9AF9CF87} = {4DF83092-81D6-449A-9E57-F4594468E631}
		{5ABA6915-82F9-4A5C-B15C-006E8F1E6CB1} = {0F5A183B-F71B-4EC3-A7F4-D70A740FBEB8}
		{748E2857-B1B7-429E-8AA4-40F19457F904} = {0F5A183B-F71B-4EC3-A7F4-D70A740FBEB8}
		{B595B495-9C41-4A4C-9231-4E1EC04E7A41} = {051DF329-EB45-4BDB-B604-CA2886E2D74C}
		{74E8F00B-D1F4-47C1-88B4-BE2AB41B6D0E} = {FEF292D9-1766-4E12-9790-FDCE9AF9CF87}
		{23AD1AFB-1BEA-4D00-88E5-4B65BFB0E75E} = {C5F2A151-0BF4-42B5-9F13-81E04F56A4DF}
	EndGlobalSection
	GlobalSection(ExtensibilityGlobals) = postSolution
		SolutionGuid = {159F64ED-86FC-441B-82F6-FDEF76984991}
	EndGlobalSection
EndGlobal
